
Microsoft Visual Studio Solution File, Format Version 12.00
# Visual Studio Version 17
VisualStudioVersion = 17.10.35027.167
MinimumVisualStudioVersion = 10.0.40219.1
Project("{2150E333-8FDC-42A3-9474-1A3956D46DE8}") = "FrontEnd", "FrontEnd", "{89A99DE5-FADF-4672-BFA5-5597033A5A57}"
EndProject
Project("{2150E333-8FDC-42A3-9474-1A3956D46DE8}") = "Gateway", "Gateway", "{AC74878E-BAA9-4C1E-99E9-23596D98D5FD}"
EndProject
Project("{2150E333-8FDC-42A3-9474-1A3956D46DE8}") = "Integration", "Integration", "{8EF56111-2229-474F-B80B-90147F440590}"
EndProject
Project("{2150E333-8FDC-42A3-9474-1A3956D46DE8}") = "Services", "Services", "{64500040-47DE-4148-9107-69565918CF38}"
EndProject
Project("{9A19103F-16F7-4668-BE54-9A1E7A4F7556}") = "Mango.Services.CouponAPI", "Mango.Services.CouponAPI\Mango.Services.CouponAPI.csproj", "{FACF824B-B2AA-4439-8EDE-1E5A15290DCE}"
EndProject
Project("{9A19103F-16F7-4668-BE54-9A1E7A4F7556}") = "Mango.Web", "Mango.Web\Mango.Web.csproj", "{0FB27B51-2B88-4CEA-BFBD-FBE174700A5F}"
EndProject
Project("{9A19103F-16F7-4668-BE54-9A1E7A4F7556}") = "Mango.Services.AuthAPI", "Mango.Services.AuthAPI\Mango.Services.AuthAPI.csproj", "{39318CB3-B93F-4438-AE6C-FEA1024F7D5F}"
EndProject
Project("{9A19103F-16F7-4668-BE54-9A1E7A4F7556}") = "Mango.Services.ProductAPI", "Mango.Services.ProductAPI\Mango.Services.ProductAPI.csproj", "{E5FEDEF7-5E15-4F46-B19F-EB22D5E95118}"
EndProject
Project("{9A19103F-16F7-4668-BE54-9A1E7A4F7556}") = "Mango.MessageBus", "Mango.MessageBus\Mango.MessageBus.csproj", "{EA944A20-2254-465A-AB23-98482ABC570E}"
EndProject
Project("{9A19103F-16F7-4668-BE54-9A1E7A4F7556}") = "Mango.Services.ShoppingCartAPI", "Mango.Services.ShoppingCartAPI\Mango.Services.ShoppingCartAPI.csproj", "{B3C7EF1B-F39E-48E7-BAF4-E9BC0DDD8B81}"
EndProject
Project("{9A19103F-16F7-4668-BE54-9A1E7A4F7556}") = "Mango.Services.EmailAPI", "Mango.Services.EmailAPI\Mango.Services.EmailAPI.csproj", "{9C28319B-8B46-402B-8F4A-E8AB9E3A6FAA}"
EndProject
Project("{9A19103F-16F7-4668-BE54-9A1E7A4F7556}") = "Mango.Services.OrderAPI", "Mango.Services.OrderAPI\Mango.Services.OrderAPI.csproj", "{CC466AB8-5AAB-4EAA-895B-EE52BDE0137F}"
EndProject
Global
	GlobalSection(SolutionConfigurationPlatforms) = preSolution
		Debug|Any CPU = Debug|Any CPU
		Release|Any CPU = Release|Any CPU
	EndGlobalSection
	GlobalSection(ProjectConfigurationPlatforms) = postSolution
		{FACF824B-B2AA-4439-8EDE-1E5A15290DCE}.Debug|Any CPU.ActiveCfg = Debug|Any CPU
		{FACF824B-B2AA-4439-8EDE-1E5A15290DCE}.Debug|Any CPU.Build.0 = Debug|Any CPU
		{FACF824B-B2AA-4439-8EDE-1E5A15290DCE}.Release|Any CPU.ActiveCfg = Release|Any CPU
		{FACF824B-B2AA-4439-8EDE-1E5A15290DCE}.Release|Any CPU.Build.0 = Release|Any CPU
		{0FB27B51-2B88-4CEA-BFBD-FBE174700A5F}.Debug|Any CPU.ActiveCfg = Debug|Any CPU
		{0FB27B51-2B88-4CEA-BFBD-FBE174700A5F}.Debug|Any CPU.Build.0 = Debug|Any CPU
		{0FB27B51-2B88-4CEA-BFBD-FBE174700A5F}.Release|Any CPU.ActiveCfg = Release|Any CPU
		{0FB27B51-2B88-4CEA-BFBD-FBE174700A5F}.Release|Any CPU.Build.0 = Release|Any CPU
		{39318CB3-B93F-4438-AE6C-FEA1024F7D5F}.Debug|Any CPU.ActiveCfg = Debug|Any CPU
		{39318CB3-B93F-4438-AE6C-FEA1024F7D5F}.Debug|Any CPU.Build.0 = Debug|Any CPU
		{39318CB3-B93F-4438-AE6C-FEA1024F7D5F}.Release|Any CPU.ActiveCfg = Release|Any CPU
		{39318CB3-B93F-4438-AE6C-FEA1024F7D5F}.Release|Any CPU.Build.0 = Release|Any CPU
		{E5FEDEF7-5E15-4F46-B19F-EB22D5E95118}.Debug|Any CPU.ActiveCfg = Debug|Any CPU
		{E5FEDEF7-5E15-4F46-B19F-EB22D5E95118}.Debug|Any CPU.Build.0 = Debug|Any CPU
		{E5FEDEF7-5E15-4F46-B19F-EB22D5E95118}.Release|Any CPU.ActiveCfg = Release|Any CPU
		{E5FEDEF7-5E15-4F46-B19F-EB22D5E95118}.Release|Any CPU.Build.0 = Release|Any CPU
		{EA944A20-2254-465A-AB23-98482ABC570E}.Debug|Any CPU.ActiveCfg = Debug|Any CPU
		{EA944A20-2254-465A-AB23-98482ABC570E}.Debug|Any CPU.Build.0 = Debug|Any CPU
		{EA944A20-2254-465A-AB23-98482ABC570E}.Release|Any CPU.ActiveCfg = Release|Any CPU
		{EA944A20-2254-465A-AB23-98482ABC570E}.Release|Any CPU.Build.0 = Release|Any CPU
		{B3C7EF1B-F39E-48E7-BAF4-E9BC0DDD8B81}.Debug|Any CPU.ActiveCfg = Debug|Any CPU
		{B3C7EF1B-F39E-48E7-BAF4-E9BC0DDD8B81}.Debug|Any CPU.Build.0 = Debug|Any CPU
		{B3C7EF1B-F39E-48E7-BAF4-E9BC0DDD8B81}.Release|Any CPU.ActiveCfg = Release|Any CPU
		{B3C7EF1B-F39E-48E7-BAF4-E9BC0DDD8B81}.Release|Any CPU.Build.0 = Release|Any CPU
		{9C28319B-8B46-402B-8F4A-E8AB9E3A6FAA}.Debug|Any CPU.ActiveCfg = Debug|Any CPU
		{9C28319B-8B46-402B-8F4A-E8AB9E3A6FAA}.Debug|Any CPU.Build.0 = Debug|Any CPU
		{9C28319B-8B46-402B-8F4A-E8AB9E3A6FAA}.Release|Any CPU.ActiveCfg = Release|Any CPU
		{9C28319B-8B46-402B-8F4A-E8AB9E3A6FAA}.Release|Any CPU.Build.0 = Release|Any CPU
		{CC466AB8-5AAB-4EAA-895B-EE52BDE0137F}.Debug|Any CPU.ActiveCfg = Debug|Any CPU
		{CC466AB8-5AAB-4EAA-895B-EE52BDE0137F}.Debug|Any CPU.Build.0 = Debug|Any CPU
		{CC466AB8-5AAB-4EAA-895B-EE52BDE0137F}.Release|Any CPU.ActiveCfg = Release|Any CPU
		{CC466AB8-5AAB-4EAA-895B-EE52BDE0137F}.Release|Any CPU.Build.0 = Release|Any CPU
	EndGlobalSection
	GlobalSection(SolutionProperties) = preSolution
		HideSolutionNode = FALSE
	EndGlobalSection
	GlobalSection(NestedProjects) = preSolution
		{FACF824B-B2AA-4439-8EDE-1E5A15290DCE} = {64500040-47DE-4148-9107-69565918CF38}
		{0FB27B51-2B88-4CEA-BFBD-FBE174700A5F} = {89A99DE5-FADF-4672-BFA5-5597033A5A57}
		{39318CB3-B93F-4438-AE6C-FEA1024F7D5F} = {64500040-47DE-4148-9107-69565918CF38}
		{E5FEDEF7-5E15-4F46-B19F-EB22D5E95118} = {64500040-47DE-4148-9107-69565918CF38}
		{EA944A20-2254-465A-AB23-98482ABC570E} = {8EF56111-2229-474F-B80B-90147F440590}
		{B3C7EF1B-F39E-48E7-BAF4-E9BC0DDD8B81} = {64500040-47DE-4148-9107-69565918CF38}
		{9C28319B-8B46-402B-8F4A-E8AB9E3A6FAA} = {64500040-47DE-4148-9107-69565918CF38}
		{CC466AB8-5AAB-4EAA-895B-EE52BDE0137F} = {64500040-47DE-4148-9107-69565918CF38}
	EndGlobalSection
	GlobalSection(ExtensibilityGlobals) = postSolution
		SolutionGuid = {60035E0A-0326-41E6-8C13-E2C7E90E9AFE}
	EndGlobalSection
EndGlobal
